PODS:
  - Alamofire (5.0.0-rc.2)
  - EVReflection (5.10.1):
    - EVReflection/Core (= 5.10.1)
  - EVReflection/Core (5.10.1)

DEPENDENCIES:
  - Alamofire (~> 5.0.0-rc.2)
  - EVReflection

SPEC REPOS:
  trunk:
    - Alamofire
    - EVReflection

SPEC CHECKSUMS:
  Alamofire: f9450d3c7f6bea2ad62e7a541c3e9b186c7991d6
  EVReflection: 8124de482178d34ccd56473e16cd95990f9a1113

PODFILE CHECKSUM: 7049e7501c9bd8bab421c3ea9a624435b3aa9b27

COCOAPODS: 1.8.4
