PODS:
  - Alamofire (5.0.0-rc.3)
  - EVReflection (5.10.1):
    - EVReflection/Core (= 5.10.1)
  - EVReflection/Core (5.10.1)
  - PromiseKit (6.11.0):
    - PromiseKit/CorePromise (= 6.11.0)
    - PromiseKit/Foundation (= 6.11.0)
    - PromiseKit/UIKit (= 6.11.0)
  - PromiseKit/CorePromise (6.11.0)
  - PromiseKit/Foundation (6.11.0):
    - PromiseKit/CorePromise
  - PromiseKit/UIKit (6.11.0):
    - PromiseKit/CorePromise

DEPENDENCIES:
  - Alamofire (~> 5.0.0-rc.2)
  - EVReflection
  - PromiseKit (~> 6.8)

SPEC REPOS:
  trunk:
    - Alamofire
    - EVReflection
    - PromiseKit

SPEC CHECKSUMS:
  Alamofire: ca8c0de6906873be89d6deec5c8de279e00bf872
  EVReflection: 8124de482178d34ccd56473e16cd95990f9a1113
  PromiseKit: e4863d06976e7dee5e41c04fc7371c16b3600292

PODFILE CHECKSUM: 83a13221684e4e804ed92754f76ebb82ad6be543

COCOAPODS: 1.8.3
