PODS:
  - Alamofire (5.0.0-rc.3)
  - EVReflection (5.10.1):
    - EVReflection/Core (= 5.10.1)
  - EVReflection/Core (5.10.1)

DEPENDENCIES:
  - Alamofire (~> 5.0.0-rc.2)
  - EVReflection

SPEC REPOS:
  trunk:
    - Alamofire
    - EVReflection

SPEC CHECKSUMS:
  Alamofire: ca8c0de6906873be89d6deec5c8de279e00bf872
  EVReflection: 8124de482178d34ccd56473e16cd95990f9a1113

PODFILE CHECKSUM: 3caa7a89a55fc0b7a92c9caeabf3ed6e0890003a

COCOAPODS: 1.8.4
