// !$*UTF8*$!
{
	archiveVersion = 1;
	classes = {
	};
	objectVersion = 50;
	objects = {

/* Begin PBXBuildFile section */
		9C63192223014C2400830385 /* FeaturedCreatorCell.swift in Sources */ = {isa = PBXBuildFile; fileRef = 9C63192023014C2400830385 /* FeaturedCreatorCell.swift */; };
		9C63192323014C2400830385 /* FeaturedCreatorCell.xib in Resources */ = {isa = PBXBuildFile; fileRef = 9C63192123014C2400830385 /* FeaturedCreatorCell.xib */; };
		9C63192623014C4800830385 /* ReferralClientCell.swift in Sources */ = {isa = PBXBuildFile; fileRef = 9C63192423014C4800830385 /* ReferralClientCell.swift */; };
		9C63192723014C4800830385 /* ReferralClientCell.xib in Resources */ = {isa = PBXBuildFile; fileRef = 9C63192523014C4800830385 /* ReferralClientCell.xib */; };
		9C63192A23014C6300830385 /* OngoingContestCell.swift in Sources */ = {isa = PBXBuildFile; fileRef = 9C63192823014C6300830385 /* OngoingContestCell.swift */; };
		9C63192B23014C6300830385 /* OngoingContestCell.xib in Resources */ = {isa = PBXBuildFile; fileRef = 9C63192923014C6300830385 /* OngoingContestCell.xib */; };
		9C63192E23014C7A00830385 /* ContestJudgingCell.swift in Sources */ = {isa = PBXBuildFile; fileRef = 9C63192C23014C7A00830385 /* ContestJudgingCell.swift */; };
		9C63192F23014C7A00830385 /* ContestJudgingCell.xib in Resources */ = {isa = PBXBuildFile; fileRef = 9C63192D23014C7A00830385 /* ContestJudgingCell.xib */; };
		9C63193223014C8A00830385 /* ContestClosedCell.swift in Sources */ = {isa = PBXBuildFile; fileRef = 9C63193023014C8A00830385 /* ContestClosedCell.swift */; };
		9C63193323014C8A00830385 /* ContestClosedCell.xib in Resources */ = {isa = PBXBuildFile; fileRef = 9C63193123014C8A00830385 /* ContestClosedCell.xib */; };
		9C70644922FEA3AC00E006D7 /* AppDelegate.swift in Sources */ = {isa = PBXBuildFile; fileRef = 9C70644822FEA3AC00E006D7 /* AppDelegate.swift */; };
		9C70644B22FEA3AC00E006D7 /* LoginViewController.swift in Sources */ = {isa = PBXBuildFile; fileRef = 9C70644A22FEA3AC00E006D7 /* LoginViewController.swift */; };
		9C70644E22FEA3AC00E006D7 /* Main.storyboard in Resources */ = {isa = PBXBuildFile; fileRef = 9C70644C22FEA3AC00E006D7 /* Main.storyboard */; };
		9C70645122FEA3AC00E006D7 /* UniCon.xcdatamodeld in Sources */ = {isa = PBXBuildFile; fileRef = 9C70644F22FEA3AC00E006D7 /* UniCon.xcdatamodeld */; };
		9C70645322FEA3AE00E006D7 /* Assets.xcassets in Resources */ = {isa = PBXBuildFile; fileRef = 9C70645222FEA3AE00E006D7 /* Assets.xcassets */; };
		9C70645622FEA3AF00E006D7 /* LaunchScreen.storyboard in Resources */ = {isa = PBXBuildFile; fileRef = 9C70645422FEA3AE00E006D7 /* LaunchScreen.storyboard */; };
		9C70645E22FEA65600E006D7 /* Extensions.swift in Sources */ = {isa = PBXBuildFile; fileRef = 9C70645D22FEA65600E006D7 /* Extensions.swift */; };
		9C70646222FEA9C900E006D7 /* NotoSansCJKkr-Bold.otf in Resources */ = {isa = PBXBuildFile; fileRef = 9C70646122FEA9C900E006D7 /* NotoSansCJKkr-Bold.otf */; };
		9C70646522FEAFE600E006D7 /* NotoSansCJKkr-Regular.otf in Resources */ = {isa = PBXBuildFile; fileRef = 9C70646422FEAFE600E006D7 /* NotoSansCJKkr-Regular.otf */; };
		9C70646722FEAFEF00E006D7 /* NotoSansCJKkr-Medium.otf in Resources */ = {isa = PBXBuildFile; fileRef = 9C70646622FEAFEF00E006D7 /* NotoSansCJKkr-Medium.otf */; };
		9C70646922FEAFFC00E006D7 /* NotoSansCJKkr-Light.otf in Resources */ = {isa = PBXBuildFile; fileRef = 9C70646822FEAFFB00E006D7 /* NotoSansCJKkr-Light.otf */; };
		9C70646B22FEB00300E006D7 /* NotoSansCJKkr-DemiLight.otf in Resources */ = {isa = PBXBuildFile; fileRef = 9C70646A22FEB00300E006D7 /* NotoSansCJKkr-DemiLight.otf */; };
		9C70646D22FEB00E00E006D7 /* NotoSansCJKkr-Black.otf in Resources */ = {isa = PBXBuildFile; fileRef = 9C70646C22FEB00E00E006D7 /* NotoSansCJKkr-Black.otf */; };
		9C70646F22FEB01B00E006D7 /* NotoSansCJKkr-Thin.otf in Resources */ = {isa = PBXBuildFile; fileRef = 9C70646E22FEB01B00E006D7 /* NotoSansCJKkr-Thin.otf */; };
		9C70647122FEB5DD00E006D7 /* LoginClientViewController.swift in Sources */ = {isa = PBXBuildFile; fileRef = 9C70647022FEB5DD00E006D7 /* LoginClientViewController.swift */; };
		9C70647322FEC0DC00E006D7 /* Constants.swift in Sources */ = {isa = PBXBuildFile; fileRef = 9C70647222FEC0DC00E006D7 /* Constants.swift */; };
		9C70647522FECCED00E006D7 /* FeedViewController.swift in Sources */ = {isa = PBXBuildFile; fileRef = 9C70647422FECCED00E006D7 /* FeedViewController.swift */; };
		9C9AC4A822FEDB4B00230522 /* ContestViewController.swift in Sources */ = {isa = PBXBuildFile; fileRef = 9C9AC4A722FEDB4B00230522 /* ContestViewController.swift */; };
		9C9AC4AA22FEDB5D00230522 /* GeneralVideosViewController.swift in Sources */ = {isa = PBXBuildFile; fileRef = 9C9AC4A922FEDB5D00230522 /* GeneralVideosViewController.swift */; };
		9C9AC4AD22FEE03600230522 /* MyPageViewController.swift in Sources */ = {isa = PBXBuildFile; fileRef = 9C9AC4AC22FEE03600230522 /* MyPageViewController.swift */; };
		9C9AC4AF22FEE04000230522 /* ChannelViewController.swift in Sources */ = {isa = PBXBuildFile; fileRef = 9C9AC4AE22FEE04000230522 /* ChannelViewController.swift */; };
		9C9AC4B122FEE04900230522 /* RecordingViewController.swift in Sources */ = {isa = PBXBuildFile; fileRef = 9C9AC4B022FEE04900230522 /* RecordingViewController.swift */; };
		9C9AC4B322FEE05900230522 /* AlarmViewController.swift in Sources */ = {isa = PBXBuildFile; fileRef = 9C9AC4B222FEE05900230522 /* AlarmViewController.swift */; };
/* End PBXBuildFile section */

/* Begin PBXFileReference section */
		9C63192023014C2400830385 /* FeaturedCreatorCell.swift */ = {isa = PBXFileReference; lastKnownFileType = sourcecode.swift; path = FeaturedCreatorCell.swift; sourceTree = "<group>"; };
		9C63192123014C2400830385 /* FeaturedCreatorCell.xib */ = {isa = PBXFileReference; lastKnownFileType = file.xib; path = FeaturedCreatorCell.xib; sourceTree = "<group>"; };
		9C63192423014C4800830385 /* ReferralClientCell.swift */ = {isa = PBXFileReference; lastKnownFileType = sourcecode.swift; path = ReferralClientCell.swift; sourceTree = "<group>"; };
		9C63192523014C4800830385 /* ReferralClientCell.xib */ = {isa = PBXFileReference; lastKnownFileType = file.xib; path = ReferralClientCell.xib; sourceTree = "<group>"; };
		9C63192823014C6300830385 /* OngoingContestCell.swift */ = {isa = PBXFileReference; lastKnownFileType = sourcecode.swift; path = OngoingContestCell.swift; sourceTree = "<group>"; };
		9C63192923014C6300830385 /* OngoingContestCell.xib */ = {isa = PBXFileReference; lastKnownFileType = file.xib; path = OngoingContestCell.xib; sourceTree = "<group>"; };
		9C63192C23014C7A00830385 /* ContestJudgingCell.swift */ = {isa = PBXFileReference; lastKnownFileType = sourcecode.swift; path = ContestJudgingCell.swift; sourceTree = "<group>"; };
		9C63192D23014C7A00830385 /* ContestJudgingCell.xib */ = {isa = PBXFileReference; lastKnownFileType = file.xib; path = ContestJudgingCell.xib; sourceTree = "<group>"; };
		9C63193023014C8A00830385 /* ContestClosedCell.swift */ = {isa = PBXFileReference; lastKnownFileType = sourcecode.swift; path = ContestClosedCell.swift; sourceTree = "<group>"; };
		9C63193123014C8A00830385 /* ContestClosedCell.xib */ = {isa = PBXFileReference; lastKnownFileType = file.xib; path = ContestClosedCell.xib; sourceTree = "<group>"; };
		9C70644522FEA3AC00E006D7 /* UniCon.app */ = {isa = PBXFileReference; explicitFileType = wrapper.application; includeInIndex = 0; path = UniCon.app; sourceTree = BUILT_PRODUCTS_DIR; };
		9C70644822FEA3AC00E006D7 /* AppDelegate.swift */ = {isa = PBXFileReference; lastKnownFileType = sourcecode.swift; path = AppDelegate.swift; sourceTree = "<group>"; };
		9C70644A22FEA3AC00E006D7 /* LoginViewController.swift */ = {isa = PBXFileReference; lastKnownFileType = sourcecode.swift; name = LoginViewController.swift; path = ../LoginViewController.swift; sourceTree = "<group>"; };
		9C70644D22FEA3AC00E006D7 /* Base */ = {isa = PBXFileReference; lastKnownFileType = file.storyboard; name = Base; path = Base.lproj/Main.storyboard; sourceTree = "<group>"; };
		9C70645022FEA3AC00E006D7 /* UniCon.xcdatamodel */ = {isa = PBXFileReference; lastKnownFileType = wrapper.xcdatamodel; path = UniCon.xcdatamodel; sourceTree = "<group>"; };
		9C70645222FEA3AE00E006D7 /* Assets.xcassets */ = {isa = PBXFileReference; lastKnownFileType = folder.assetcatalog; path = Assets.xcassets; sourceTree = "<group>"; };
		9C70645522FEA3AE00E006D7 /* Base */ = {isa = PBXFileReference; lastKnownFileType = file.storyboard; name = Base; path = Base.lproj/LaunchScreen.storyboard; sourceTree = "<group>"; };
		9C70645722FEA3AF00E006D7 /* Info.plist */ = {isa = PBXFileReference; lastKnownFileType = text.plist.xml; path = Info.plist; sourceTree = "<group>"; };
		9C70645D22FEA65600E006D7 /* Extensions.swift */ = {isa = PBXFileReference; lastKnownFileType = sourcecode.swift; path = Extensions.swift; sourceTree = "<group>"; };
		9C70645F22FEA80B00E006D7 /* ko */ = {isa = PBXFileReference; lastKnownFileType = text.plist.strings; name = ko; path = ko.lproj/Main.strings; sourceTree = "<group>"; };
		9C70646022FEA80B00E006D7 /* ko */ = {isa = PBXFileReference; lastKnownFileType = text.plist.strings; name = ko; path = ko.lproj/LaunchScreen.strings; sourceTree = "<group>"; };
		9C70646122FEA9C900E006D7 /* NotoSansCJKkr-Bold.otf */ = {isa = PBXFileReference; lastKnownFileType = file; path = "NotoSansCJKkr-Bold.otf"; sourceTree = "<group>"; };
		9C70646422FEAFE600E006D7 /* NotoSansCJKkr-Regular.otf */ = {isa = PBXFileReference; lastKnownFileType = file; path = "NotoSansCJKkr-Regular.otf"; sourceTree = "<group>"; };
		9C70646622FEAFEF00E006D7 /* NotoSansCJKkr-Medium.otf */ = {isa = PBXFileReference; lastKnownFileType = file; path = "NotoSansCJKkr-Medium.otf"; sourceTree = "<group>"; };
		9C70646822FEAFFB00E006D7 /* NotoSansCJKkr-Light.otf */ = {isa = PBXFileReference; lastKnownFileType = file; path = "NotoSansCJKkr-Light.otf"; sourceTree = "<group>"; };
		9C70646A22FEB00300E006D7 /* NotoSansCJKkr-DemiLight.otf */ = {isa = PBXFileReference; lastKnownFileType = file; path = "NotoSansCJKkr-DemiLight.otf"; sourceTree = "<group>"; };
		9C70646C22FEB00E00E006D7 /* NotoSansCJKkr-Black.otf */ = {isa = PBXFileReference; lastKnownFileType = file; path = "NotoSansCJKkr-Black.otf"; sourceTree = "<group>"; };
		9C70646E22FEB01B00E006D7 /* NotoSansCJKkr-Thin.otf */ = {isa = PBXFileReference; lastKnownFileType = file; path = "NotoSansCJKkr-Thin.otf"; sourceTree = "<group>"; };
		9C70647022FEB5DD00E006D7 /* LoginClientViewController.swift */ = {isa = PBXFileReference; lastKnownFileType = sourcecode.swift; name = LoginClientViewController.swift; path = ../LoginClientViewController.swift; sourceTree = "<group>"; };
		9C70647222FEC0DC00E006D7 /* Constants.swift */ = {isa = PBXFileReference; lastKnownFileType = sourcecode.swift; path = Constants.swift; sourceTree = "<group>"; };
		9C70647422FECCED00E006D7 /* FeedViewController.swift */ = {isa = PBXFileReference; lastKnownFileType = sourcecode.swift; path = FeedViewController.swift; sourceTree = "<group>"; };
		9C9AC4A722FEDB4B00230522 /* ContestViewController.swift */ = {isa = PBXFileReference; lastKnownFileType = sourcecode.swift; path = ContestViewController.swift; sourceTree = "<group>"; };
		9C9AC4A922FEDB5D00230522 /* GeneralVideosViewController.swift */ = {isa = PBXFileReference; lastKnownFileType = sourcecode.swift; path = GeneralVideosViewController.swift; sourceTree = "<group>"; };
		9C9AC4AC22FEE03600230522 /* MyPageViewController.swift */ = {isa = PBXFileReference; lastKnownFileType = sourcecode.swift; path = MyPageViewController.swift; sourceTree = "<group>"; };
		9C9AC4AE22FEE04000230522 /* ChannelViewController.swift */ = {isa = PBXFileReference; lastKnownFileType = sourcecode.swift; path = ChannelViewController.swift; sourceTree = "<group>"; };
		9C9AC4B022FEE04900230522 /* RecordingViewController.swift */ = {isa = PBXFileReference; lastKnownFileType = sourcecode.swift; path = RecordingViewController.swift; sourceTree = "<group>"; };
		9C9AC4B222FEE05900230522 /* AlarmViewController.swift */ = {isa = PBXFileReference; lastKnownFileType = sourcecode.swift; path = AlarmViewController.swift; sourceTree = "<group>"; };
/* End PBXFileReference section */

/* Begin PBXFrameworksBuildPhase section */
		9C70644222FEA3AC00E006D7 /* Frameworks */ = {
			isa = PBXFrameworksBuildPhase;
			buildActionMask = 2147483647;
			files = (
			);
			runOnlyForDeploymentPostprocessing = 0;
		};
/* End PBXFrameworksBuildPhase section */

/* Begin PBXGroup section */
		9C63191D23014BD600830385 /* Custom Coll Cells */ = {
			isa = PBXGroup;
			children = (
				9C63192023014C2400830385 /* FeaturedCreatorCell.swift */,
				9C63192123014C2400830385 /* FeaturedCreatorCell.xib */,
				9C63192423014C4800830385 /* ReferralClientCell.swift */,
				9C63192523014C4800830385 /* ReferralClientCell.xib */,
				9C63192823014C6300830385 /* OngoingContestCell.swift */,
				9C63192923014C6300830385 /* OngoingContestCell.xib */,
				9C63192C23014C7A00830385 /* ContestJudgingCell.swift */,
				9C63192D23014C7A00830385 /* ContestJudgingCell.xib */,
				9C63193023014C8A00830385 /* ContestClosedCell.swift */,
				9C63193123014C8A00830385 /* ContestClosedCell.xib */,
			);
			path = "Custom Coll Cells";
			sourceTree = "<group>";
		};
		9C63191E23014BE900830385 /* Login VC */ = {
			isa = PBXGroup;
			children = (
				9C70644A22FEA3AC00E006D7 /* LoginViewController.swift */,
				9C70647022FEB5DD00E006D7 /* LoginClientViewController.swift */,
			);
			path = "Login VC";
			sourceTree = "<group>";
		};
		9C63191F23014BF600830385 /* Helpers */ = {
			isa = PBXGroup;
			children = (
				9C70645D22FEA65600E006D7 /* Extensions.swift */,
				9C70647222FEC0DC00E006D7 /* Constants.swift */,
			);
			path = Helpers;
			sourceTree = "<group>";
		};
		9C70643C22FEA3AC00E006D7 = {
			isa = PBXGroup;
			children = (
				9C70644722FEA3AC00E006D7 /* UniCon */,
				9C70644622FEA3AC00E006D7 /* Products */,
			);
			sourceTree = "<group>";
		};
		9C70644622FEA3AC00E006D7 /* Products */ = {
			isa = PBXGroup;
			children = (
				9C70644522FEA3AC00E006D7 /* UniCon.app */,
			);
			name = Products;
			sourceTree = "<group>";
		};
		9C70644722FEA3AC00E006D7 /* UniCon */ = {
			isa = PBXGroup;
			children = (
				9C70644822FEA3AC00E006D7 /* AppDelegate.swift */,
				9C63191E23014BE900830385 /* Login VC */,
				9C9AC4AB22FEE00B00230522 /* TabView Controller */,
				9C63191F23014BF600830385 /* Helpers */,
				9C63191D23014BD600830385 /* Custom Coll Cells */,
				9C70646322FEA9CD00E006D7 /* Custom Fonts */,
				9C70644C22FEA3AC00E006D7 /* Main.storyboard */,
				9C70645222FEA3AE00E006D7 /* Assets.xcassets */,
				9C70645422FEA3AE00E006D7 /* LaunchScreen.storyboard */,
				9C70645722FEA3AF00E006D7 /* Info.plist */,
				9C70644F22FEA3AC00E006D7 /* UniCon.xcdatamodeld */,
			);
			path = UniCon;
			sourceTree = "<group>";
		};
		9C70646322FEA9CD00E006D7 /* Custom Fonts */ = {
			isa = PBXGroup;
			children = (
				9C70646E22FEB01B00E006D7 /* NotoSansCJKkr-Thin.otf */,
				9C70646C22FEB00E00E006D7 /* NotoSansCJKkr-Black.otf */,
				9C70646822FEAFFB00E006D7 /* NotoSansCJKkr-Light.otf */,
				9C70646A22FEB00300E006D7 /* NotoSansCJKkr-DemiLight.otf */,
				9C70646622FEAFEF00E006D7 /* NotoSansCJKkr-Medium.otf */,
				9C70646422FEAFE600E006D7 /* NotoSansCJKkr-Regular.otf */,
				9C70646122FEA9C900E006D7 /* NotoSansCJKkr-Bold.otf */,
			);
			path = "Custom Fonts";
			sourceTree = "<group>";
		};
		9C9AC4AB22FEE00B00230522 /* TabView Controller */ = {
			isa = PBXGroup;
			children = (
				9C70647422FECCED00E006D7 /* FeedViewController.swift */,
				9C9AC4A722FEDB4B00230522 /* ContestViewController.swift */,
				9C9AC4A922FEDB5D00230522 /* GeneralVideosViewController.swift */,
				9C9AC4AC22FEE03600230522 /* MyPageViewController.swift */,
				9C9AC4AE22FEE04000230522 /* ChannelViewController.swift */,
				9C9AC4B022FEE04900230522 /* RecordingViewController.swift */,
				9C9AC4B222FEE05900230522 /* AlarmViewController.swift */,
			);
			path = "TabView Controller";
			sourceTree = "<group>";
		};
/* End PBXGroup section */

/* Begin PBXNativeTarget section */
		9C70644422FEA3AC00E006D7 /* UniCon */ = {
			isa = PBXNativeTarget;
			buildConfigurationList = 9C70645A22FEA3AF00E006D7 /* Build configuration list for PBXNativeTarget "UniCon" */;
			buildPhases = (
				9C70644122FEA3AC00E006D7 /* Sources */,
				9C70644222FEA3AC00E006D7 /* Frameworks */,
				9C70644322FEA3AC00E006D7 /* Resources */,
			);
			buildRules = (
			);
			dependencies = (
			);
			name = UniCon;
			productName = UniCon;
			productReference = 9C70644522FEA3AC00E006D7 /* UniCon.app */;
			productType = "com.apple.product-type.application";
		};
/* End PBXNativeTarget section */

/* Begin PBXProject section */
		9C70643D22FEA3AC00E006D7 /* Project object */ = {
			isa = PBXProject;
			attributes = {
				LastSwiftUpdateCheck = 1030;
				LastUpgradeCheck = 1030;
				ORGANIZATIONNAME = Rick;
				TargetAttributes = {
					9C70644422FEA3AC00E006D7 = {
						CreatedOnToolsVersion = 10.3;
					};
				};
			};
			buildConfigurationList = 9C70644022FEA3AC00E006D7 /* Build configuration list for PBXProject "UniCon" */;
			compatibilityVersion = "Xcode 9.3";
			developmentRegion = en;
			hasScannedForEncodings = 0;
			knownRegions = (
				en,
				Base,
				ko,
			);
			mainGroup = 9C70643C22FEA3AC00E006D7;
			productRefGroup = 9C70644622FEA3AC00E006D7 /* Products */;
			projectDirPath = "";
			projectRoot = "";
			targets = (
				9C70644422FEA3AC00E006D7 /* UniCon */,
			);
		};
/* End PBXProject section */

/* Begin PBXResourcesBuildPhase section */
		9C70644322FEA3AC00E006D7 /* Resources */ = {
			isa = PBXResourcesBuildPhase;
			buildActionMask = 2147483647;
			files = (
				9C70646B22FEB00300E006D7 /* NotoSansCJKkr-DemiLight.otf in Resources */,
				9C70646522FEAFE600E006D7 /* NotoSansCJKkr-Regular.otf in Resources */,
				9C70646D22FEB00E00E006D7 /* NotoSansCJKkr-Black.otf in Resources */,
				9C70646922FEAFFC00E006D7 /* NotoSansCJKkr-Light.otf in Resources */,
				9C70645622FEA3AF00E006D7 /* LaunchScreen.storyboard in Resources */,
				9C63192723014C4800830385 /* ReferralClientCell.xib in Resources */,
				9C70646F22FEB01B00E006D7 /* NotoSansCJKkr-Thin.otf in Resources */,
				9C70646222FEA9C900E006D7 /* NotoSansCJKkr-Bold.otf in Resources */,
				9C70645322FEA3AE00E006D7 /* Assets.xcassets in Resources */,
				9C63192323014C2400830385 /* FeaturedCreatorCell.xib in Resources */,
				9C70644E22FEA3AC00E006D7 /* Main.storyboard in Resources */,
				9C63192F23014C7A00830385 /* ContestJudgingCell.xib in Resources */,
				9C63192B23014C6300830385 /* OngoingContestCell.xib in Resources */,
				9C70646722FEAFEF00E006D7 /* NotoSansCJKkr-Medium.otf in Resources */,
				9C63193323014C8A00830385 /* ContestClosedCell.xib in Resources */,
			);
			runOnlyForDeploymentPostprocessing = 0;
		};
/* End PBXResourcesBuildPhase section */

/* Begin PBXSourcesBuildPhase section */
		9C70644122FEA3AC00E006D7 /* Sources */ = {
			isa = PBXSourcesBuildPhase;
			buildActionMask = 2147483647;
			files = (
				9C63193223014C8A00830385 /* ContestClosedCell.swift in Sources */,
				9C70645122FEA3AC00E006D7 /* UniCon.xcdatamodeld in Sources */,
				9C70644B22FEA3AC00E006D7 /* LoginViewController.swift in Sources */,
				9C9AC4B322FEE05900230522 /* AlarmViewController.swift in Sources */,
				9C9AC4B122FEE04900230522 /* RecordingViewController.swift in Sources */,
				9C63192A23014C6300830385 /* OngoingContestCell.swift in Sources */,
				9C70644922FEA3AC00E006D7 /* AppDelegate.swift in Sources */,
				9C9AC4AA22FEDB5D00230522 /* GeneralVideosViewController.swift in Sources */,
				9C70645E22FEA65600E006D7 /* Extensions.swift in Sources */,
				9C9AC4AD22FEE03600230522 /* MyPageViewController.swift in Sources */,
				9C70647122FEB5DD00E006D7 /* LoginClientViewController.swift in Sources */,
				9C70647322FEC0DC00E006D7 /* Constants.swift in Sources */,
				9C9AC4A822FEDB4B00230522 /* ContestViewController.swift in Sources */,
				9C9AC4AF22FEE04000230522 /* ChannelViewController.swift in Sources */,
				9C63192223014C2400830385 /* FeaturedCreatorCell.swift in Sources */,
				9C70647522FECCED00E006D7 /* FeedViewController.swift in Sources */,
				9C63192623014C4800830385 /* ReferralClientCell.swift in Sources */,
				9C63192E23014C7A00830385 /* ContestJudgingCell.swift in Sources */,
			);
			runOnlyForDeploymentPostprocessing = 0;
		};
/* End PBXSourcesBuildPhase section */

/* Begin PBXVariantGroup section */
		9C70644C22FEA3AC00E006D7 /* Main.storyboard */ = {
			isa = PBXVariantGroup;
			children = (
				9C70644D22FEA3AC00E006D7 /* Base */,
				9C70645F22FEA80B00E006D7 /* ko */,
			);
			name = Main.storyboard;
			sourceTree = "<group>";
		};
		9C70645422FEA3AE00E006D7 /* LaunchScreen.storyboard */ = {
			isa = PBXVariantGroup;
			children = (
				9C70645522FEA3AE00E006D7 /* Base */,
				9C70646022FEA80B00E006D7 /* ko */,
			);
			name = LaunchScreen.storyboard;
			sourceTree = "<group>";
		};
/* End PBXVariantGroup section */

/* Begin XCBuildConfiguration section */
		9C70645822FEA3AF00E006D7 /* Debug */ = {
			isa = XCBuildConfiguration;
			buildSettings = {
				ALWAYS_SEARCH_USER_PATHS = NO;
				CLANG_ANALYZER_NONNULL = YES;
				CLANG_ANALYZER_NUMBER_OBJECT_CONVERSION = YES_AGGRESSIVE;
				CLANG_CXX_LANGUAGE_STANDARD = "gnu++14";
				CLANG_CXX_LIBRARY = "libc++";
				CLANG_ENABLE_MODULES = YES;
				CLANG_ENABLE_OBJC_ARC = YES;
				CLANG_ENABLE_OBJC_WEAK = YES;
				CLANG_WARN_BLOCK_CAPTURE_AUTORELEASING = YES;
				CLANG_WARN_BOOL_CONVERSION = YES;
				CLANG_WARN_COMMA = YES;
				CLANG_WARN_CONSTANT_CONVERSION = YES;
				CLANG_WARN_DEPRECATED_OBJC_IMPLEMENTATIONS = YES;
				CLANG_WARN_DIRECT_OBJC_ISA_USAGE = YES_ERROR;
				CLANG_WARN_DOCUMENTATION_COMMENTS = YES;
				CLANG_WARN_EMPTY_BODY = YES;
				CLANG_WARN_ENUM_CONVERSION = YES;
				CLANG_WARN_INFINITE_RECURSION = YES;
				CLANG_WARN_INT_CONVERSION = YES;
				CLANG_WARN_NON_LITERAL_NULL_CONVERSION = YES;
				CLANG_WARN_OBJC_IMPLICIT_RETAIN_SELF = YES;
				CLANG_WARN_OBJC_LITERAL_CONVERSION = YES;
				CLANG_WARN_OBJC_ROOT_CLASS = YES_ERROR;
				CLANG_WARN_RANGE_LOOP_ANALYSIS = YES;
				CLANG_WARN_STRICT_PROTOTYPES = YES;
				CLANG_WARN_SUSPICIOUS_MOVE = YES;
				CLANG_WARN_UNGUARDED_AVAILABILITY = YES_AGGRESSIVE;
				CLANG_WARN_UNREACHABLE_CODE = YES;
				CLANG_WARN__DUPLICATE_METHOD_MATCH = YES;
				CODE_SIGN_IDENTITY = "iPhone Developer";
				COPY_PHASE_STRIP = NO;
				DEBUG_INFORMATION_FORMAT = dwarf;
				ENABLE_STRICT_OBJC_MSGSEND = YES;
				ENABLE_TESTABILITY = YES;
				GCC_C_LANGUAGE_STANDARD = gnu11;
				GCC_DYNAMIC_NO_PIC = NO;
				GCC_NO_COMMON_BLOCKS = YES;
				GCC_OPTIMIZATION_LEVEL = 0;
				GCC_PREPROCESSOR_DEFINITIONS = (
					"DEBUG=1",
					"$(inherited)",
				);
				GCC_WARN_64_TO_32_BIT_CONVERSION = YES;
				GCC_WARN_ABOUT_RETURN_TYPE = YES_ERROR;
				GCC_WARN_UNDECLARED_SELECTOR = YES;
				GCC_WARN_UNINITIALIZED_AUTOS = YES_AGGRESSIVE;
				GCC_WARN_UNUSED_FUNCTION = YES;
				GCC_WARN_UNUSED_VARIABLE = YES;
				IPHONEOS_DEPLOYMENT_TARGET = 12.4;
				MTL_ENABLE_DEBUG_INFO = INCLUDE_SOURCE;
				MTL_FAST_MATH = YES;
				ONLY_ACTIVE_ARCH = YES;
				SDKROOT = iphoneos;
				SWIFT_ACTIVE_COMPILATION_CONDITIONS = DEBUG;
				SWIFT_OPTIMIZATION_LEVEL = "-Onone";
			};
			name = Debug;
		};
		9C70645922FEA3AF00E006D7 /* Release */ = {
			isa = XCBuildConfiguration;
			buildSettings = {
				ALWAYS_SEARCH_USER_PATHS = NO;
				CLANG_ANALYZER_NONNULL = YES;
				CLANG_ANALYZER_NUMBER_OBJECT_CONVERSION = YES_AGGRESSIVE;
				CLANG_CXX_LANGUAGE_STANDARD = "gnu++14";
				CLANG_CXX_LIBRARY = "libc++";
				CLANG_ENABLE_MODULES = YES;
				CLANG_ENABLE_OBJC_ARC = YES;
				CLANG_ENABLE_OBJC_WEAK = YES;
				CLANG_WARN_BLOCK_CAPTURE_AUTORELEASING = YES;
				CLANG_WARN_BOOL_CONVERSION = YES;
				CLANG_WARN_COMMA = YES;
				CLANG_WARN_CONSTANT_CONVERSION = YES;
				CLANG_WARN_DEPRECATED_OBJC_IMPLEMENTATIONS = YES;
				CLANG_WARN_DIRECT_OBJC_ISA_USAGE = YES_ERROR;
				CLANG_WARN_DOCUMENTATION_COMMENTS = YES;
				CLANG_WARN_EMPTY_BODY = YES;
				CLANG_WARN_ENUM_CONVERSION = YES;
				CLANG_WARN_INFINITE_RECURSION = YES;
				CLANG_WARN_INT_CONVERSION = YES;
				CLANG_WARN_NON_LITERAL_NULL_CONVERSION = YES;
				CLANG_WARN_OBJC_IMPLICIT_RETAIN_SELF = YES;
				CLANG_WARN_OBJC_LITERAL_CONVERSION = YES;
				CLANG_WARN_OBJC_ROOT_CLASS = YES_ERROR;
				CLANG_WARN_RANGE_LOOP_ANALYSIS = YES;
				CLANG_WARN_STRICT_PROTOTYPES = YES;
				CLANG_WARN_SUSPICIOUS_MOVE = YES;
				CLANG_WARN_UNGUARDED_AVAILABILITY = YES_AGGRESSIVE;
				CLANG_WARN_UNREACHABLE_CODE = YES;
				CLANG_WARN__DUPLICATE_METHOD_MATCH = YES;
				CODE_SIGN_IDENTITY = "iPhone Developer";
				COPY_PHASE_STRIP = NO;
				DEBUG_INFORMATION_FORMAT = "dwarf-with-dsym";
				ENABLE_NS_ASSERTIONS = NO;
				ENABLE_STRICT_OBJC_MSGSEND = YES;
				GCC_C_LANGUAGE_STANDARD = gnu11;
				GCC_NO_COMMON_BLOCKS = YES;
				GCC_WARN_64_TO_32_BIT_CONVERSION = YES;
				GCC_WARN_ABOUT_RETURN_TYPE = YES_ERROR;
				GCC_WARN_UNDECLARED_SELECTOR = YES;
				GCC_WARN_UNINITIALIZED_AUTOS = YES_AGGRESSIVE;
				GCC_WARN_UNUSED_FUNCTION = YES;
				GCC_WARN_UNUSED_VARIABLE = YES;
				IPHONEOS_DEPLOYMENT_TARGET = 12.4;
				MTL_ENABLE_DEBUG_INFO = NO;
				MTL_FAST_MATH = YES;
				SDKROOT = iphoneos;
				SWIFT_COMPILATION_MODE = wholemodule;
				SWIFT_OPTIMIZATION_LEVEL = "-O";
				VALIDATE_PRODUCT = YES;
			};
			name = Release;
		};
		9C70645B22FEA3AF00E006D7 /* Debug */ = {
			isa = XCBuildConfiguration;
			buildSettings = {
				ASSETCATALOG_COMPILER_APPICON_NAME = AppIcon;
				CODE_SIGN_STYLE = Automatic;
				DEVELOPMENT_TEAM = 3TT3YF37X6;
				INFOPLIST_FILE = UniCon/Info.plist;
				IPHONEOS_DEPLOYMENT_TARGET = 10.0;
				LD_RUNPATH_SEARCH_PATHS = (
					"$(inherited)",
					"@executable_path/Frameworks",
				);
				PRODUCT_BUNDLE_IDENTIFIER = com.UniCon;
				PRODUCT_NAME = "$(TARGET_NAME)";
				SWIFT_VERSION = 5.0;
				TARGETED_DEVICE_FAMILY = "1,2";
			};
			name = Debug;
		};
		9C70645C22FEA3AF00E006D7 /* Release */ = {
			isa = XCBuildConfiguration;
			buildSettings = {
				ASSETCATALOG_COMPILER_APPICON_NAME = AppIcon;
				CODE_SIGN_STYLE = Automatic;
				DEVELOPMENT_TEAM = 3TT3YF37X6;
				INFOPLIST_FILE = UniCon/Info.plist;
				IPHONEOS_DEPLOYMENT_TARGET = 10.0;
				LD_RUNPATH_SEARCH_PATHS = (
					"$(inherited)",
					"@executable_path/Frameworks",
				);
				PRODUCT_BUNDLE_IDENTIFIER = com.UniCon;
				PRODUCT_NAME = "$(TARGET_NAME)";
				SWIFT_VERSION = 5.0;
				TARGETED_DEVICE_FAMILY = "1,2";
			};
			name = Release;
		};
/* End XCBuildConfiguration section */

/* Begin XCConfigurationList section */
		9C70644022FEA3AC00E006D7 /* Build configuration list for PBXProject "UniCon" */ = {
			isa = XCConfigurationList;
			buildConfigurations = (
				9C70645822FEA3AF00E006D7 /* Debug */,
				9C70645922FEA3AF00E006D7 /* Release */,
			);
			defaultConfigurationIsVisible = 0;
			defaultConfigurationName = Release;
		};
		9C70645A22FEA3AF00E006D7 /* Build configuration list for PBXNativeTarget "UniCon" */ = {
			isa = XCConfigurationList;
			buildConfigurations = (
				9C70645B22FEA3AF00E006D7 /* Debug */,
				9C70645C22FEA3AF00E006D7 /* Release */,
			);
			defaultConfigurationIsVisible = 0;
			defaultConfigurationName = Release;
		};
/* End XCConfigurationList section */

/* Begin XCVersionGroup section */
		9C70644F22FEA3AC00E006D7 /* UniCon.xcdatamodeld */ = {
			isa = XCVersionGroup;
			children = (
				9C70645022FEA3AC00E006D7 /* UniCon.xcdatamodel */,
			);
			currentVersion = 9C70645022FEA3AC00E006D7 /* UniCon.xcdatamodel */;
			path = UniCon.xcdatamodeld;
			sourceTree = "<group>";
			versionGroupType = wrapper.xcdatamodel;
		};
/* End XCVersionGroup section */
	};
	rootObject = 9C70643D22FEA3AC00E006D7 /* Project object */;
}
